
Microsoft Visual Studio Solution File, Format Version 12.00
# Visual Studio Version 17
VisualStudioVersion = 17.1.32104.313
MinimumVisualStudioVersion = 10.0.40219.1
Project("{FAE04EC0-301F-11D3-BF4B-00C04F79EFBC}") = "NServiceBusPersistenceCosmosIssue", "SampleApp\SampleApp.csproj", "{CD729FCC-4C9A-429A-A3D8-5E74F9F30327}"
EndProject
Global
	GlobalSection(SolutionConfigurationPlatforms) = preSolution
		Debug|Any CPU = Debug|Any CPU
		Release|Any CPU = Release|Any CPU
	EndGlobalSection
	GlobalSection(ProjectConfigurationPlatforms) = postSolution
		{CD729FCC-4C9A-429A-A3D8-5E74F9F30327}.Debug|Any CPU.ActiveCfg = Debug|Any CPU
		{CD729FCC-4C9A-429A-A3D8-5E74F9F30327}.Debug|Any CPU.Build.0 = Debug|Any CPU
		{CD729FCC-4C9A-429A-A3D8-5E74F9F30327}.Release|Any CPU.ActiveCfg = Release|Any CPU
		{CD729FCC-4C9A-429A-A3D8-5E74F9F30327}.Release|Any CPU.Build.0 = Release|Any CPU
	EndGlobalSection
	GlobalSection(SolutionProperties) = preSolution
		HideSolutionNode = FALSE
	EndGlobalSection
	GlobalSection(ExtensibilityGlobals) = postSolution
		SolutionGuid = {CF40C537-3216-45E5-9B64-E34E9BD063DD}
	EndGlobalSection
EndGlobal
